
Microsoft Visual Studio Solution File, Format Version 12.00
# Visual Studio Version 16
VisualStudioVersion = 16.0.31729.503
MinimumVisualStudioVersion = 10.0.40219.1
Project("{FAE04EC0-301F-11D3-BF4B-00C04F79EFBC}") = "LambdaProgram", "LambdaProgram\LambdaProgram.csproj", "{609283EB-A0FB-4D28-9072-DD579C6F7E97}"
EndProject
Global
	GlobalSection(SolutionConfigurationPlatforms) = preSolution
		Debug|Any CPU = Debug|Any CPU
		Release|Any CPU = Release|Any CPU
	EndGlobalSection
	GlobalSection(ProjectConfigurationPlatforms) = postSolution
		{609283EB-A0FB-4D28-9072-DD579C6F7E97}.Debug|Any CPU.ActiveCfg = Debug|Any CPU
		{609283EB-A0FB-4D28-9072-DD579C6F7E97}.Debug|Any CPU.Build.0 = Debug|Any CPU
		{609283EB-A0FB-4D28-9072-DD579C6F7E97}.Release|Any CPU.ActiveCfg = Release|Any CPU
		{609283EB-A0FB-4D28-9072-DD579C6F7E97}.Release|Any CPU.Build.0 = Release|Any CPU
	EndGlobalSection
	GlobalSection(SolutionProperties) = preSolution
		HideSolutionNode = FALSE
	EndGlobalSection
	GlobalSection(ExtensibilityGlobals) = postSolution
		SolutionGuid = {6C0B620F-2F3F-4546-914E-0D7D447B152F}
	EndGlobalSection
EndGlobal
